
Microsoft Visual Studio Solution File, Format Version 12.00
# Visual Studio Version 16
VisualStudioVersion = 16.0.31112.23
MinimumVisualStudioVersion = 10.0.40219.1
Project("{9A19103F-16F7-4668-BE54-9A1E7A4F7556}") = "IReckonUAssignment", "IReckonUAssignment\IReckonUAssignment.csproj", "{3B3F2C6A-B5D3-413B-B954-7D12C169AD5D}"
EndProject
Project("{9A19103F-16F7-4668-BE54-9A1E7A4F7556}") = "IReckonUAssignment.EntityFrameworkDAL", "IReckonUAssignment.EntityFrameworkDAL\IReckonUAssignment.EntityFrameworkDAL.csproj", "{44635750-5B2E-41A5-89C8-D425E3E43E7E}"
EndProject
Project("{9A19103F-16F7-4668-BE54-9A1E7A4F7556}") = "IReckonUAssignment.JSonDAL", "IReckonUAssignment.JSonDAL\IReckonUAssignment.JSonDAL.csproj", "{58012E00-0E7B-47D8-B749-748F12BD066C}"
EndProject
Project("{9A19103F-16F7-4668-BE54-9A1E7A4F7556}") = "IReckonUAssignment.Logic", "IReckonUAssignment.Logic\IReckonUAssignment.Logic.csproj", "{B69F61E1-8B5F-45D3-B2C0-F4C418928EC0}"
EndProject
Project("{9A19103F-16F7-4668-BE54-9A1E7A4F7556}") = "IReckonUAssignment.DAL", "IReckonUAssignment.DAL\IReckonUAssignment.DAL.csproj", "{1AA5E72D-3004-49AE-A254-1DAAEF142002}"
EndProject
Project("{9A19103F-16F7-4668-BE54-9A1E7A4F7556}") = "IReckonUAssignment.Models", "IReckonUAssignment.Models\IReckonUAssignment.Models.csproj", "{7B3DA54C-86C3-42A7-9DC0-179C20EA7CE8}"
EndProject
Project("{2150E333-8FDC-42A3-9474-1A3956D46DE8}") = "DAL", "DAL", "{AB2B2A5E-8BE2-488E-977E-ABE34C3C0F2E}"
EndProject
Project("{2150E333-8FDC-42A3-9474-1A3956D46DE8}") = "Solution Items", "Solution Items", "{5F4E8A70-56AD-42E6-991C-72CD2F6E08D7}"
	ProjectSection(SolutionItems) = preProject
		README.md = README.md
	EndProjectSection
EndProject
Project("{2150E333-8FDC-42A3-9474-1A3956D46DE8}") = "Tools", "Tools", "{68BDFAEA-EDDA-4509-83E5-B4558503CBA7}"
EndProject
Project("{9A19103F-16F7-4668-BE54-9A1E7A4F7556}") = "IReckonUAssignment.CsvFileGenerator", "IReckonUAssignment.CsvFileGenerator\IReckonUAssignment.CsvFileGenerator.csproj", "{47A8E6D6-8694-4D3B-BB7B-5009E993D3D5}"
EndProject
Project("{2150E333-8FDC-42A3-9474-1A3956D46DE8}") = "Tests", "Tests", "{96CF0DF9-44B6-44D3-A7AA-FC0127BD04D0}"
EndProject
Project("{FAE04EC0-301F-11D3-BF4B-00C04F79EFBC}") = "IReckonUAssignment.Logic.Tests", "IReckonUAssignment.Logic.Tests\IReckonUAssignment.Logic.Tests.csproj", "{E16EECF6-8CF3-4E44-B934-414788BBD26E}"
EndProject
Global
	GlobalSection(SolutionConfigurationPlatforms) = preSolution
		Debug|Any CPU = Debug|Any CPU
		Release|Any CPU = Release|Any CPU
	EndGlobalSection
	GlobalSection(ProjectConfigurationPlatforms) = postSolution
		{3B3F2C6A-B5D3-413B-B954-7D12C169AD5D}.Debug|Any CPU.ActiveCfg = Debug|Any CPU
		{3B3F2C6A-B5D3-413B-B954-7D12C169AD5D}.Debug|Any CPU.Build.0 = Debug|Any CPU
		{3B3F2C6A-B5D3-413B-B954-7D12C169AD5D}.Release|Any CPU.ActiveCfg = Release|Any CPU
		{3B3F2C6A-B5D3-413B-B954-7D12C169AD5D}.Release|Any CPU.Build.0 = Release|Any CPU
		{44635750-5B2E-41A5-89C8-D425E3E43E7E}.Debug|Any CPU.ActiveCfg = Debug|Any CPU
		{44635750-5B2E-41A5-89C8-D425E3E43E7E}.Debug|Any CPU.Build.0 = Debug|Any CPU
		{44635750-5B2E-41A5-89C8-D425E3E43E7E}.Release|Any CPU.ActiveCfg = Release|Any CPU
		{44635750-5B2E-41A5-89C8-D425E3E43E7E}.Release|Any CPU.Build.0 = Release|Any CPU
		{58012E00-0E7B-47D8-B749-748F12BD066C}.Debug|Any CPU.ActiveCfg = Debug|Any CPU
		{58012E00-0E7B-47D8-B749-748F12BD066C}.Debug|Any CPU.Build.0 = Debug|Any CPU
		{58012E00-0E7B-47D8-B749-748F12BD066C}.Release|Any CPU.ActiveCfg = Release|Any CPU
		{58012E00-0E7B-47D8-B749-748F12BD066C}.Release|Any CPU.Build.0 = Release|Any CPU
		{B69F61E1-8B5F-45D3-B2C0-F4C418928EC0}.Debug|Any CPU.ActiveCfg = Debug|Any CPU
		{B69F61E1-8B5F-45D3-B2C0-F4C418928EC0}.Debug|Any CPU.Build.0 = Debug|Any CPU
		{B69F61E1-8B5F-45D3-B2C0-F4C418928EC0}.Release|Any CPU.ActiveCfg = Release|Any CPU
		{B69F61E1-8B5F-45D3-B2C0-F4C418928EC0}.Release|Any CPU.Build.0 = Release|Any CPU
		{1AA5E72D-3004-49AE-A254-1DAAEF142002}.Debug|Any CPU.ActiveCfg = Debug|Any CPU
		{1AA5E72D-3004-49AE-A254-1DAAEF142002}.Debug|Any CPU.Build.0 = Debug|Any CPU
		{1AA5E72D-3004-49AE-A254-1DAAEF142002}.Release|Any CPU.ActiveCfg = Release|Any CPU
		{1AA5E72D-3004-49AE-A254-1DAAEF142002}.Release|Any CPU.Build.0 = Release|Any CPU
		{7B3DA54C-86C3-42A7-9DC0-179C20EA7CE8}.Debug|Any CPU.ActiveCfg = Debug|Any CPU
		{7B3DA54C-86C3-42A7-9DC0-179C20EA7CE8}.Debug|Any CPU.Build.0 = Debug|Any CPU
		{7B3DA54C-86C3-42A7-9DC0-179C20EA7CE8}.Release|Any CPU.ActiveCfg = Release|Any CPU
		{7B3DA54C-86C3-42A7-9DC0-179C20EA7CE8}.Release|Any CPU.Build.0 = Release|Any CPU
		{47A8E6D6-8694-4D3B-BB7B-5009E993D3D5}.Debug|Any CPU.ActiveCfg = Debug|Any CPU
		{47A8E6D6-8694-4D3B-BB7B-5009E993D3D5}.Debug|Any CPU.Build.0 = Debug|Any CPU
		{47A8E6D6-8694-4D3B-BB7B-5009E993D3D5}.Release|Any CPU.ActiveCfg = Release|Any CPU
		{47A8E6D6-8694-4D3B-BB7B-5009E993D3D5}.Release|Any CPU.Build.0 = Release|Any CPU
		{E16EECF6-8CF3-4E44-B934-414788BBD26E}.Debug|Any CPU.ActiveCfg = Debug|Any CPU
		{E16EECF6-8CF3-4E44-B934-414788BBD26E}.Debug|Any CPU.Build.0 = Debug|Any CPU
		{E16EECF6-8CF3-4E44-B934-414788BBD26E}.Release|Any CPU.ActiveCfg = Release|Any CPU
		{E16EECF6-8CF3-4E44-B934-414788BBD26E}.Release|Any CPU.Build.0 = Release|Any CPU
	EndGlobalSection
	GlobalSection(SolutionProperties) = preSolution
		HideSolutionNode = FALSE
	EndGlobalSection
	GlobalSection(NestedProjects) = preSolution
		{44635750-5B2E-41A5-89C8-D425E3E43E7E} = {AB2B2A5E-8BE2-488E-977E-ABE34C3C0F2E}
		{58012E00-0E7B-47D8-B749-748F12BD066C} = {AB2B2A5E-8BE2-488E-977E-ABE34C3C0F2E}
		{1AA5E72D-3004-49AE-A254-1DAAEF142002} = {AB2B2A5E-8BE2-488E-977E-ABE34C3C0F2E}
		{47A8E6D6-8694-4D3B-BB7B-5009E993D3D5} = {68BDFAEA-EDDA-4509-83E5-B4558503CBA7}
		{E16EECF6-8CF3-4E44-B934-414788BBD26E} = {96CF0DF9-44B6-44D3-A7AA-FC0127BD04D0}
	EndGlobalSection
	GlobalSection(ExtensibilityGlobals) = postSolution
		SolutionGuid = {12380380-2E10-4AB7-9804-4325F8945C41}
	EndGlobalSection
EndGlobal
